
Microsoft Visual Studio Solution File, Format Version 12.00
# Visual Studio Version 16
VisualStudioVersion = 16.0.29613.14
MinimumVisualStudioVersion = 10.0.40219.1
Project("{FAE04EC0-301F-11D3-BF4B-00C04F79EFBC}") = "Classes(TMS)", "Classes(TMS)\Classes(TMS).csproj", "{95BADD0C-42CA-4D99-9068-8CBFE3B9D67E}"
EndProject
Global
	GlobalSection(SolutionConfigurationPlatforms) = preSolution
		Debug|Any CPU = Debug|Any CPU
		Release|Any CPU = Release|Any CPU
	EndGlobalSection
	GlobalSection(ProjectConfigurationPlatforms) = postSolution
		{95BADD0C-42CA-4D99-9068-8CBFE3B9D67E}.Debug|Any CPU.ActiveCfg = Debug|Any CPU
		{95BADD0C-42CA-4D99-9068-8CBFE3B9D67E}.Debug|Any CPU.Build.0 = Debug|Any CPU
		{95BADD0C-42CA-4D99-9068-8CBFE3B9D67E}.Release|Any CPU.ActiveCfg = Release|Any CPU
		{95BADD0C-42CA-4D99-9068-8CBFE3B9D67E}.Release|Any CPU.Build.0 = Release|Any CPU
	EndGlobalSection
	GlobalSection(SolutionProperties) = preSolution
		HideSolutionNode = FALSE
	EndGlobalSection
	GlobalSection(ExtensibilityGlobals) = postSolution
		SolutionGuid = {C3824926-D5AD-4BA9-B2B5-6942DF63D769}
	EndGlobalSection
EndGlobal
